// !$*UTF8*$!
{
	archiveVersion = 1;
	classes = {
	};
	objectVersion = 46;
	objects = {

/* Begin PBXBuildFile section */
		350E38CE1AAA0B24002DDBA8 /* main.m in Sources */ = {isa = PBXBuildFile; fileRef = 350E38CD1AAA0B24002DDBA8 /* main.m */; };
		350E38D11AAA0B24002DDBA8 /* AppDelegate.m in Sources */ = {isa = PBXBuildFile; fileRef = 350E38D01AAA0B24002DDBA8 /* AppDelegate.m */; };
		350E38D41AAA0B24002DDBA8 /* LoginViewController.m in Sources */ = {isa = PBXBuildFile; fileRef = 350E38D31AAA0B24002DDBA8 /* LoginViewController.m */; };
		350E38D71AAA0B24002DDBA8 /* Main.storyboard in Resources */ = {isa = PBXBuildFile; fileRef = 350E38D51AAA0B24002DDBA8 /* Main.storyboard */; };
		350E38DC1AAA0B24002DDBA8 /* LaunchScreen.xib in Resources */ = {isa = PBXBuildFile; fileRef = 350E38DA1AAA0B24002DDBA8 /* LaunchScreen.xib */; };
		350E38E81AAA0B24002DDBA8 /* iVolunteerTests.m in Sources */ = {isa = PBXBuildFile; fileRef = 350E38E71AAA0B24002DDBA8 /* iVolunteerTests.m */; };
		350E39051AAA22AC002DDBA8 /* Bolts.framework in Frameworks */ = {isa = PBXBuildFile; fileRef = 350E39031AAA22AC002DDBA8 /* Bolts.framework */; };
		350E39061AAA22AD002DDBA8 /* Parse.framework in Frameworks */ = {isa = PBXBuildFile; fileRef = 350E39041AAA22AC002DDBA8 /* Parse.framework */; };
		350E39091AAA22E4002DDBA8 /* AudioToolbox.framework in Frameworks */ = {isa = PBXBuildFile; fileRef = 350E39081AAA22E4002DDBA8 /* AudioToolbox.framework */; };
		350E390B1AAA22EB002DDBA8 /* CFNetwork.framework in Frameworks */ = {isa = PBXBuildFile; fileRef = 350E390A1AAA22EB002DDBA8 /* CFNetwork.framework */; };
		350E390D1AAA23BA002DDBA8 /* CoreGraphics.framework in Frameworks */ = {isa = PBXBuildFile; fileRef = 350E390C1AAA23BA002DDBA8 /* CoreGraphics.framework */; };
		350E390F1AAA23C2002DDBA8 /* CoreLocation.framework in Frameworks */ = {isa = PBXBuildFile; fileRef = 350E390E1AAA23C2002DDBA8 /* CoreLocation.framework */; };
		350E39111AAA23CC002DDBA8 /* MobileCoreServices.framework in Frameworks */ = {isa = PBXBuildFile; fileRef = 350E39101AAA23CC002DDBA8 /* MobileCoreServices.framework */; };
		350E39131AAA23D2002DDBA8 /* QuartzCore.framework in Frameworks */ = {isa = PBXBuildFile; fileRef = 350E39121AAA23D2002DDBA8 /* QuartzCore.framework */; };
		350E39151AAA23D9002DDBA8 /* Security.framework in Frameworks */ = {isa = PBXBuildFile; fileRef = 350E39141AAA23D9002DDBA8 /* Security.framework */; };
		350E39171AAA23E9002DDBA8 /* StoreKit.framework in Frameworks */ = {isa = PBXBuildFile; fileRef = 350E39161AAA23E9002DDBA8 /* StoreKit.framework */; };
		350E39191AAA23F3002DDBA8 /* SystemConfiguration.framework in Frameworks */ = {isa = PBXBuildFile; fileRef = 350E39181AAA23F3002DDBA8 /* SystemConfiguration.framework */; };
		350E391B1AAA23FF002DDBA8 /* libz.dylib in Frameworks */ = {isa = PBXBuildFile; fileRef = 350E391A1AAA23FF002DDBA8 /* libz.dylib */; };
		350E391D1AAA2427002DDBA8 /* libsqlite3.dylib in Frameworks */ = {isa = PBXBuildFile; fileRef = 350E391C1AAA2427002DDBA8 /* libsqlite3.dylib */; };
		350E39231AAA2A52002DDBA8 /* ParseFacebookUtils.framework in Frameworks */ = {isa = PBXBuildFile; fileRef = 350E39221AAA2A52002DDBA8 /* ParseFacebookUtils.framework */; };
		350E39261AAA37BC002DDBA8 /* VLTMapViewController.m in Sources */ = {isa = PBXBuildFile; fileRef = 350E39251AAA37BC002DDBA8 /* VLTMapViewController.m */; };
		350E39281AAA39FD002DDBA8 /* MapKit.framework in Frameworks */ = {isa = PBXBuildFile; fileRef = 350E39271AAA39FD002DDBA8 /* MapKit.framework */; };
		554F2F1A1AAAA18800D2D4EE /* FacebookSDK.framework in Frameworks */ = {isa = PBXBuildFile; fileRef = 554F2F191AAAA18800D2D4EE /* FacebookSDK.framework */; };
		554F2F2A1AABAC3300D2D4EE /* bg6.gif in Resources */ = {isa = PBXBuildFile; fileRef = 554F2F251AABAC3300D2D4EE /* bg6.gif */; };
		554F2F2B1AABAC3300D2D4EE /* bg8.gif in Resources */ = {isa = PBXBuildFile; fileRef = 554F2F261AABAC3300D2D4EE /* bg8.gif */; };
		554F2F2C1AABAC3300D2D4EE /* bg9.gif in Resources */ = {isa = PBXBuildFile; fileRef = 554F2F271AABAC3300D2D4EE /* bg9.gif */; };
		554F2F2D1AABAC3300D2D4EE /* bg7.gif in Resources */ = {isa = PBXBuildFile; fileRef = 554F2F281AABAC3300D2D4EE /* bg7.gif */; };
		554F2F321AABB3D200D2D4EE /* Images.xcassets in Resources */ = {isa = PBXBuildFile; fileRef = 554F2F311AABB3D200D2D4EE /* Images.xcassets */; };
		554F2F381AAC965200D2D4EE /* RegisterViewController.m in Sources */ = {isa = PBXBuildFile; fileRef = 554F2F371AAC965200D2D4EE /* RegisterViewController.m */; };
/* End PBXBuildFile section */

/* Begin PBXContainerItemProxy section */
		350E38E21AAA0B24002DDBA8 /* PBXContainerItemProxy */ = {
			isa = PBXContainerItemProxy;
			containerPortal = 350E38C01AAA0B24002DDBA8 /* Project object */;
			proxyType = 1;
			remoteGlobalIDString = 350E38C71AAA0B24002DDBA8;
			remoteInfo = iVolunteer;
		};
/* End PBXContainerItemProxy section */

/* Begin PBXFileReference section */
		350E38C81AAA0B24002DDBA8 /* iVolunteer.app */ = {isa = PBXFileReference; explicitFileType = wrapper.application; includeInIndex = 0; path = iVolunteer.app; sourceTree = BUILT_PRODUCTS_DIR; };
		350E38CC1AAA0B24002DDBA8 /* Info.plist */ = {isa = PBXFileReference; lastKnownFileType = text.plist.xml; path = Info.plist; sourceTree = "<group>"; };
		350E38CD1AAA0B24002DDBA8 /* main.m */ = {isa = PBXFileReference; lastKnownFileType = sourcecode.c.objc; path = main.m; sourceTree = "<group>"; };
		350E38CF1AAA0B24002DDBA8 /* AppDelegate.h */ = {isa = PBXFileReference; lastKnownFileType = sourcecode.c.h; path = AppDelegate.h; sourceTree = "<group>"; };
		350E38D01AAA0B24002DDBA8 /* AppDelegate.m */ = {isa = PBXFileReference; lastKnownFileType = sourcecode.c.objc; path = AppDelegate.m; sourceTree = "<group>"; };
		350E38D21AAA0B24002DDBA8 /* LoginViewController.h */ = {isa = PBXFileReference; lastKnownFileType = sourcecode.c.h; path = LoginViewController.h; sourceTree = "<group>"; };
		350E38D31AAA0B24002DDBA8 /* LoginViewController.m */ = {isa = PBXFileReference; lastKnownFileType = sourcecode.c.objc; path = LoginViewController.m; sourceTree = "<group>"; };
		350E38D61AAA0B24002DDBA8 /* Base */ = {isa = PBXFileReference; lastKnownFileType = file.storyboard; name = Base; path = Base.lproj/Main.storyboard; sourceTree = "<group>"; };
		350E38DB1AAA0B24002DDBA8 /* Base */ = {isa = PBXFileReference; lastKnownFileType = file.xib; name = Base; path = Base.lproj/LaunchScreen.xib; sourceTree = "<group>"; };
		350E38E11AAA0B24002DDBA8 /* iVolunteerTests.xctest */ = {isa = PBXFileReference; explicitFileType = wrapper.cfbundle; includeInIndex = 0; path = iVolunteerTests.xctest; sourceTree = BUILT_PRODUCTS_DIR; };
		350E38E61AAA0B24002DDBA8 /* Info.plist */ = {isa = PBXFileReference; lastKnownFileType = text.plist.xml; path = Info.plist; sourceTree = "<group>"; };
		350E38E71AAA0B24002DDBA8 /* iVolunteerTests.m */ = {isa = PBXFileReference; lastKnownFileType = sourcecode.c.objc; path = iVolunteerTests.m; sourceTree = "<group>"; };
		350E39031AAA22AC002DDBA8 /* Bolts.framework */ = {isa = PBXFileReference; lastKnownFileType = wrapper.framework; path = Bolts.framework; sourceTree = "<group>"; };
		350E39041AAA22AC002DDBA8 /* Parse.framework */ = {isa = PBXFileReference; lastKnownFileType = wrapper.framework; path = Parse.framework; sourceTree = "<group>"; };
		350E39081AAA22E4002DDBA8 /* AudioToolbox.framework */ = {isa = PBXFileReference; lastKnownFileType = wrapper.framework; name = AudioToolbox.framework; path = System/Library/Frameworks/AudioToolbox.framework; sourceTree = SDKROOT; };
		350E390A1AAA22EB002DDBA8 /* CFNetwork.framework */ = {isa = PBXFileReference; lastKnownFileType = wrapper.framework; name = CFNetwork.framework; path = System/Library/Frameworks/CFNetwork.framework; sourceTree = SDKROOT; };
		350E390C1AAA23BA002DDBA8 /* CoreGraphics.framework */ = {isa = PBXFileReference; lastKnownFileType = wrapper.framework; name = CoreGraphics.framework; path = System/Library/Frameworks/CoreGraphics.framework; sourceTree = SDKROOT; };
		350E390E1AAA23C2002DDBA8 /* CoreLocation.framework */ = {isa = PBXFileReference; lastKnownFileType = wrapper.framework; name = CoreLocation.framework; path = System/Library/Frameworks/CoreLocation.framework; sourceTree = SDKROOT; };
		350E39101AAA23CC002DDBA8 /* MobileCoreServices.framework */ = {isa = PBXFileReference; lastKnownFileType = wrapper.framework; name = MobileCoreServices.framework; path = System/Library/Frameworks/MobileCoreServices.framework; sourceTree = SDKROOT; };
		350E39121AAA23D2002DDBA8 /* QuartzCore.framework */ = {isa = PBXFileReference; lastKnownFileType = wrapper.framework; name = QuartzCore.framework; path = System/Library/Frameworks/QuartzCore.framework; sourceTree = SDKROOT; };
		350E39141AAA23D9002DDBA8 /* Security.framework */ = {isa = PBXFileReference; lastKnownFileType = wrapper.framework; name = Security.framework; path = System/Library/Frameworks/Security.framework; sourceTree = SDKROOT; };
		350E39161AAA23E9002DDBA8 /* StoreKit.framework */ = {isa = PBXFileReference; lastKnownFileType = wrapper.framework; name = StoreKit.framework; path = System/Library/Frameworks/StoreKit.framework; sourceTree = SDKROOT; };
		350E39181AAA23F3002DDBA8 /* SystemConfiguration.framework */ = {isa = PBXFileReference; lastKnownFileType = wrapper.framework; name = SystemConfiguration.framework; path = System/Library/Frameworks/SystemConfiguration.framework; sourceTree = SDKROOT; };
		350E391A1AAA23FF002DDBA8 /* libz.dylib */ = {isa = PBXFileReference; lastKnownFileType = "compiled.mach-o.dylib"; name = libz.dylib; path = usr/lib/libz.dylib; sourceTree = SDKROOT; };
		350E391C1AAA2427002DDBA8 /* libsqlite3.dylib */ = {isa = PBXFileReference; lastKnownFileType = "compiled.mach-o.dylib"; name = libsqlite3.dylib; path = usr/lib/libsqlite3.dylib; sourceTree = SDKROOT; };
		350E39221AAA2A52002DDBA8 /* ParseFacebookUtils.framework */ = {isa = PBXFileReference; lastKnownFileType = wrapper.framework; path = ParseFacebookUtils.framework; sourceTree = "<group>"; };
		350E39241AAA37BC002DDBA8 /* VLTMapViewController.h */ = {isa = PBXFileReference; fileEncoding = 4; lastKnownFileType = sourcecode.c.h; path = VLTMapViewController.h; sourceTree = "<group>"; };
		350E39251AAA37BC002DDBA8 /* VLTMapViewController.m */ = {isa = PBXFileReference; fileEncoding = 4; lastKnownFileType = sourcecode.c.objc; path = VLTMapViewController.m; sourceTree = "<group>"; };
		350E39271AAA39FD002DDBA8 /* MapKit.framework */ = {isa = PBXFileReference; lastKnownFileType = wrapper.framework; name = MapKit.framework; path = System/Library/Frameworks/MapKit.framework; sourceTree = SDKROOT; };
		554F2F191AAAA18800D2D4EE /* FacebookSDK.framework */ = {isa = PBXFileReference; lastKnownFileType = wrapper.framework; name = FacebookSDK.framework; path = ../../FacebookSDK/FacebookSDK.framework; sourceTree = "<group>"; };
		554F2F251AABAC3300D2D4EE /* bg6.gif */ = {isa = PBXFileReference; lastKnownFileType = image.gif; path = bg6.gif; sourceTree = "<group>"; };
		554F2F261AABAC3300D2D4EE /* bg8.gif */ = {isa = PBXFileReference; lastKnownFileType = image.gif; path = bg8.gif; sourceTree = "<group>"; };
		554F2F271AABAC3300D2D4EE /* bg9.gif */ = {isa = PBXFileReference; lastKnownFileType = image.gif; path = bg9.gif; sourceTree = "<group>"; };
		554F2F281AABAC3300D2D4EE /* bg7.gif */ = {isa = PBXFileReference; lastKnownFileType = image.gif; path = bg7.gif; sourceTree = "<group>"; };
		554F2F311AABB3D200D2D4EE /* Images.xcassets */ = {isa = PBXFileReference; lastKnownFileType = folder.assetcatalog; path = Images.xcassets; sourceTree = "<group>"; };
		554F2F361AAC965200D2D4EE /* RegisterViewController.h */ = {isa = PBXFileReference; fileEncoding = 4; lastKnownFileType = sourcecode.c.h; path = RegisterViewController.h; sourceTree = "<group>"; };
		554F2F371AAC965200D2D4EE /* RegisterViewController.m */ = {isa = PBXFileReference; fileEncoding = 4; lastKnownFileType = sourcecode.c.objc; path = RegisterViewController.m; sourceTree = "<group>"; };
/* End PBXFileReference section */

/* Begin PBXFrameworksBuildPhase section */
		350E38C51AAA0B24002DDBA8 /* Frameworks */ = {
			isa = PBXFrameworksBuildPhase;
			buildActionMask = 2147483647;
			files = (
				350E39281AAA39FD002DDBA8 /* MapKit.framework in Frameworks */,
				350E391D1AAA2427002DDBA8 /* libsqlite3.dylib in Frameworks */,
				350E391B1AAA23FF002DDBA8 /* libz.dylib in Frameworks */,
				350E39191AAA23F3002DDBA8 /* SystemConfiguration.framework in Frameworks */,
				350E39171AAA23E9002DDBA8 /* StoreKit.framework in Frameworks */,
				350E39151AAA23D9002DDBA8 /* Security.framework in Frameworks */,
				350E39131AAA23D2002DDBA8 /* QuartzCore.framework in Frameworks */,
				350E39111AAA23CC002DDBA8 /* MobileCoreServices.framework in Frameworks */,
				554F2F1A1AAAA18800D2D4EE /* FacebookSDK.framework in Frameworks */,
				350E390F1AAA23C2002DDBA8 /* CoreLocation.framework in Frameworks */,
				350E39231AAA2A52002DDBA8 /* ParseFacebookUtils.framework in Frameworks */,
				350E390D1AAA23BA002DDBA8 /* CoreGraphics.framework in Frameworks */,
				350E390B1AAA22EB002DDBA8 /* CFNetwork.framework in Frameworks */,
				350E39091AAA22E4002DDBA8 /* AudioToolbox.framework in Frameworks */,
				350E39061AAA22AD002DDBA8 /* Parse.framework in Frameworks */,
				350E39051AAA22AC002DDBA8 /* Bolts.framework in Frameworks */,
			);
			runOnlyForDeploymentPostprocessing = 0;
		};
		350E38DE1AAA0B24002DDBA8 /* Frameworks */ = {
			isa = PBXFrameworksBuildPhase;
			buildActionMask = 2147483647;
			files = (
			);
			runOnlyForDeploymentPostprocessing = 0;
		};
/* End PBXFrameworksBuildPhase section */

/* Begin PBXGroup section */
		350E38BF1AAA0B24002DDBA8 = {
			isa = PBXGroup;
			children = (
				350E38CA1AAA0B24002DDBA8 /* iVolunteer */,
				350E38E41AAA0B24002DDBA8 /* iVolunteerTests */,
				350E38C91AAA0B24002DDBA8 /* Products */,
				350E39071AAA22B7002DDBA8 /* Frameworks */,
			);
			sourceTree = "<group>";
		};
		350E38C91AAA0B24002DDBA8 /* Products */ = {
			isa = PBXGroup;
			children = (
				350E38C81AAA0B24002DDBA8 /* iVolunteer.app */,
				350E38E11AAA0B24002DDBA8 /* iVolunteerTests.xctest */,
			);
			name = Products;
			sourceTree = "<group>";
		};
		350E38CA1AAA0B24002DDBA8 /* iVolunteer */ = {
			isa = PBXGroup;
			children = (
				554F2F331AABBE3F00D2D4EE /* Resources */,
				350E38CF1AAA0B24002DDBA8 /* AppDelegate.h */,
				350E38D01AAA0B24002DDBA8 /* AppDelegate.m */,
				554F2F341AABBE5200D2D4EE /* Controllers */,
				554F2F351AABBE5B00D2D4EE /* Views */,
				350E38CB1AAA0B24002DDBA8 /* Supporting Files */,
			);
			path = iVolunteer;
			sourceTree = "<group>";
		};
		350E38CB1AAA0B24002DDBA8 /* Supporting Files */ = {
			isa = PBXGroup;
			children = (
				350E38CC1AAA0B24002DDBA8 /* Info.plist */,
				350E38CD1AAA0B24002DDBA8 /* main.m */,
			);
			name = "Supporting Files";
			sourceTree = "<group>";
		};
		350E38E41AAA0B24002DDBA8 /* iVolunteerTests */ = {
			isa = PBXGroup;
			children = (
				350E38E71AAA0B24002DDBA8 /* iVolunteerTests.m */,
				350E38E51AAA0B24002DDBA8 /* Supporting Files */,
			);
			path = iVolunteerTests;
			sourceTree = "<group>";
		};
		350E38E51AAA0B24002DDBA8 /* Supporting Files */ = {
			isa = PBXGroup;
			children = (
				350E38E61AAA0B24002DDBA8 /* Info.plist */,
			);
			name = "Supporting Files";
			sourceTree = "<group>";
		};
		350E39071AAA22B7002DDBA8 /* Frameworks */ = {
			isa = PBXGroup;
			children = (
				554F2F191AAAA18800D2D4EE /* FacebookSDK.framework */,
				350E39271AAA39FD002DDBA8 /* MapKit.framework */,
				350E39221AAA2A52002DDBA8 /* ParseFacebookUtils.framework */,
				350E391C1AAA2427002DDBA8 /* libsqlite3.dylib */,
				350E391A1AAA23FF002DDBA8 /* libz.dylib */,
				350E39181AAA23F3002DDBA8 /* SystemConfiguration.framework */,
				350E39161AAA23E9002DDBA8 /* StoreKit.framework */,
				350E39141AAA23D9002DDBA8 /* Security.framework */,
				350E39121AAA23D2002DDBA8 /* QuartzCore.framework */,
				350E39101AAA23CC002DDBA8 /* MobileCoreServices.framework */,
				350E390E1AAA23C2002DDBA8 /* CoreLocation.framework */,
				350E390C1AAA23BA002DDBA8 /* CoreGraphics.framework */,
				350E390A1AAA22EB002DDBA8 /* CFNetwork.framework */,
				350E39081AAA22E4002DDBA8 /* AudioToolbox.framework */,
				350E39031AAA22AC002DDBA8 /* Bolts.framework */,
				350E39041AAA22AC002DDBA8 /* Parse.framework */,
			);
			name = Frameworks;
			sourceTree = "<group>";
		};
		554F2F331AABBE3F00D2D4EE /* Resources */ = {
			isa = PBXGroup;
			children = (
				554F2F311AABB3D200D2D4EE /* Images.xcassets */,
				554F2F251AABAC3300D2D4EE /* bg6.gif */,
				554F2F261AABAC3300D2D4EE /* bg8.gif */,
				554F2F271AABAC3300D2D4EE /* bg9.gif */,
				554F2F281AABAC3300D2D4EE /* bg7.gif */,
			);
			name = Resources;
			sourceTree = "<group>";
		};
		554F2F341AABBE5200D2D4EE /* Controllers */ = {
			isa = PBXGroup;
			children = (
				554F2F361AAC965200D2D4EE /* RegisterViewController.h */,
				554F2F371AAC965200D2D4EE /* RegisterViewController.m */,
				350E38D21AAA0B24002DDBA8 /* LoginViewController.h */,
				350E38D31AAA0B24002DDBA8 /* LoginViewController.m */,
				350E39241AAA37BC002DDBA8 /* VLTMapViewController.h */,
				350E39251AAA37BC002DDBA8 /* VLTMapViewController.m */,
			);
			name = Controllers;
			sourceTree = "<group>";
		};
		554F2F351AABBE5B00D2D4EE /* Views */ = {
			isa = PBXGroup;
			children = (
				350E38D51AAA0B24002DDBA8 /* Main.storyboard */,
				350E38DA1AAA0B24002DDBA8 /* LaunchScreen.xib */,
			);
			name = Views;
			sourceTree = "<group>";
		};
/* End PBXGroup section */

/* Begin PBXNativeTarget section */
		350E38C71AAA0B24002DDBA8 /* iVolunteer */ = {
			isa = PBXNativeTarget;
			buildConfigurationList = 350E38EB1AAA0B24002DDBA8 /* Build configuration list for PBXNativeTarget "iVolunteer" */;
			buildPhases = (
				350E38C41AAA0B24002DDBA8 /* Sources */,
				350E38C51AAA0B24002DDBA8 /* Frameworks */,
				350E38C61AAA0B24002DDBA8 /* Resources */,
			);
			buildRules = (
			);
			dependencies = (
			);
			name = iVolunteer;
			productName = iVolunteer;
			productReference = 350E38C81AAA0B24002DDBA8 /* iVolunteer.app */;
			productType = "com.apple.product-type.application";
		};
		350E38E01AAA0B24002DDBA8 /* iVolunteerTests */ = {
			isa = PBXNativeTarget;
			buildConfigurationList = 350E38EE1AAA0B24002DDBA8 /* Build configuration list for PBXNativeTarget "iVolunteerTests" */;
			buildPhases = (
				350E38DD1AAA0B24002DDBA8 /* Sources */,
				350E38DE1AAA0B24002DDBA8 /* Frameworks */,
				350E38DF1AAA0B24002DDBA8 /* Resources */,
			);
			buildRules = (
			);
			dependencies = (
				350E38E31AAA0B24002DDBA8 /* PBXTargetDependency */,
			);
			name = iVolunteerTests;
			productName = iVolunteerTests;
			productReference = 350E38E11AAA0B24002DDBA8 /* iVolunteerTests.xctest */;
			productType = "com.apple.product-type.bundle.unit-test";
		};
/* End PBXNativeTarget section */

/* Begin PBXProject section */
		350E38C01AAA0B24002DDBA8 /* Project object */ = {
			isa = PBXProject;
			attributes = {
				LastUpgradeCheck = 0610;
				ORGANIZATIONNAME = "Marcus Vinicius Kuquert";
				TargetAttributes = {
					350E38C71AAA0B24002DDBA8 = {
						CreatedOnToolsVersion = 6.1.1;
						DevelopmentTeam = 7S28PM95JC;
					};
					350E38E01AAA0B24002DDBA8 = {
						CreatedOnToolsVersion = 6.1.1;
						DevelopmentTeam = BJXVASWXX8;
						TestTargetID = 350E38C71AAA0B24002DDBA8;
					};
				};
			};
			buildConfigurationList = 350E38C31AAA0B24002DDBA8 /* Build configuration list for PBXProject "iVolunteer" */;
			compatibilityVersion = "Xcode 3.2";
			developmentRegion = English;
			hasScannedForEncodings = 0;
			knownRegions = (
				en,
				Base,
			);
			mainGroup = 350E38BF1AAA0B24002DDBA8;
			productRefGroup = 350E38C91AAA0B24002DDBA8 /* Products */;
			projectDirPath = "";
			projectRoot = "";
			targets = (
				350E38C71AAA0B24002DDBA8 /* iVolunteer */,
				350E38E01AAA0B24002DDBA8 /* iVolunteerTests */,
			);
		};
/* End PBXProject section */

/* Begin PBXResourcesBuildPhase section */
		350E38C61AAA0B24002DDBA8 /* Resources */ = {
			isa = PBXResourcesBuildPhase;
			buildActionMask = 2147483647;
			files = (
				554F2F2B1AABAC3300D2D4EE /* bg8.gif in Resources */,
				554F2F321AABB3D200D2D4EE /* Images.xcassets in Resources */,
				554F2F2A1AABAC3300D2D4EE /* bg6.gif in Resources */,
				350E38D71AAA0B24002DDBA8 /* Main.storyboard in Resources */,
				350E38DC1AAA0B24002DDBA8 /* LaunchScreen.xib in Resources */,
				554F2F2C1AABAC3300D2D4EE /* bg9.gif in Resources */,
				554F2F2D1AABAC3300D2D4EE /* bg7.gif in Resources */,
			);
			runOnlyForDeploymentPostprocessing = 0;
		};
		350E38DF1AAA0B24002DDBA8 /* Resources */ = {
			isa = PBXResourcesBuildPhase;
			buildActionMask = 2147483647;
			files = (
			);
			runOnlyForDeploymentPostprocessing = 0;
		};
/* End PBXResourcesBuildPhase section */

/* Begin PBXSourcesBuildPhase section */
		350E38C41AAA0B24002DDBA8 /* Sources */ = {
			isa = PBXSourcesBuildPhase;
			buildActionMask = 2147483647;
			files = (
				554F2F381AAC965200D2D4EE /* RegisterViewController.m in Sources */,
				350E39261AAA37BC002DDBA8 /* VLTMapViewController.m in Sources */,
				350E38D41AAA0B24002DDBA8 /* LoginViewController.m in Sources */,
				350E38D11AAA0B24002DDBA8 /* AppDelegate.m in Sources */,
				350E38CE1AAA0B24002DDBA8 /* main.m in Sources */,
			);
			runOnlyForDeploymentPostprocessing = 0;
		};
		350E38DD1AAA0B24002DDBA8 /* Sources */ = {
			isa = PBXSourcesBuildPhase;
			buildActionMask = 2147483647;
			files = (
				350E38E81AAA0B24002DDBA8 /* iVolunteerTests.m in Sources */,
			);
			runOnlyForDeploymentPostprocessing = 0;
		};
/* End PBXSourcesBuildPhase section */

/* Begin PBXTargetDependency section */
		350E38E31AAA0B24002DDBA8 /* PBXTargetDependency */ = {
			isa = PBXTargetDependency;
			target = 350E38C71AAA0B24002DDBA8 /* iVolunteer */;
			targetProxy = 350E38E21AAA0B24002DDBA8 /* PBXContainerItemProxy */;
		};
/* End PBXTargetDependency section */

/* Begin PBXVariantGroup section */
		350E38D51AAA0B24002DDBA8 /* Main.storyboard */ = {
			isa = PBXVariantGroup;
			children = (
				350E38D61AAA0B24002DDBA8 /* Base */,
			);
			name = Main.storyboard;
			sourceTree = "<group>";
		};
		350E38DA1AAA0B24002DDBA8 /* LaunchScreen.xib */ = {
			isa = PBXVariantGroup;
			children = (
				350E38DB1AAA0B24002DDBA8 /* Base */,
			);
			name = LaunchScreen.xib;
			sourceTree = "<group>";
		};
/* End PBXVariantGroup section */

/* Begin XCBuildConfiguration section */
		350E38E91AAA0B24002DDBA8 /* Debug */ = {
			isa = XCBuildConfiguration;
			buildSettings = {
				ALWAYS_SEARCH_USER_PATHS = NO;
				CLANG_CXX_LANGUAGE_STANDARD = "gnu++0x";
				CLANG_CXX_LIBRARY = "libc++";
				CLANG_ENABLE_MODULES = YES;
				CLANG_ENABLE_OBJC_ARC = YES;
				CLANG_WARN_BOOL_CONVERSION = YES;
				CLANG_WARN_CONSTANT_CONVERSION = YES;
				CLANG_WARN_DIRECT_OBJC_ISA_USAGE = YES_ERROR;
				CLANG_WARN_EMPTY_BODY = YES;
				CLANG_WARN_ENUM_CONVERSION = YES;
				CLANG_WARN_INT_CONVERSION = YES;
				CLANG_WARN_OBJC_ROOT_CLASS = YES_ERROR;
				CLANG_WARN_UNREACHABLE_CODE = YES;
				CLANG_WARN__DUPLICATE_METHOD_MATCH = YES;
				"CODE_SIGN_IDENTITY[sdk=iphoneos*]" = "iPhone Developer";
				COPY_PHASE_STRIP = NO;
				ENABLE_STRICT_OBJC_MSGSEND = YES;
				GCC_C_LANGUAGE_STANDARD = gnu99;
				GCC_DYNAMIC_NO_PIC = NO;
				GCC_OPTIMIZATION_LEVEL = 0;
				GCC_PREPROCESSOR_DEFINITIONS = (
					"DEBUG=1",
					"$(inherited)",
				);
				GCC_SYMBOLS_PRIVATE_EXTERN = NO;
				GCC_WARN_64_TO_32_BIT_CONVERSION = YES;
				GCC_WARN_ABOUT_RETURN_TYPE = YES_ERROR;
				GCC_WARN_UNDECLARED_SELECTOR = YES;
				GCC_WARN_UNINITIALIZED_AUTOS = YES_AGGRESSIVE;
				GCC_WARN_UNUSED_FUNCTION = YES;
				GCC_WARN_UNUSED_VARIABLE = YES;
				IPHONEOS_DEPLOYMENT_TARGET = 8.1;
				MTL_ENABLE_DEBUG_INFO = YES;
				ONLY_ACTIVE_ARCH = YES;
				SDKROOT = iphoneos;
				TARGETED_DEVICE_FAMILY = "1,2";
			};
			name = Debug;
		};
		350E38EA1AAA0B24002DDBA8 /* Release */ = {
			isa = XCBuildConfiguration;
			buildSettings = {
				ALWAYS_SEARCH_USER_PATHS = NO;
				CLANG_CXX_LANGUAGE_STANDARD = "gnu++0x";
				CLANG_CXX_LIBRARY = "libc++";
				CLANG_ENABLE_MODULES = YES;
				CLANG_ENABLE_OBJC_ARC = YES;
				CLANG_WARN_BOOL_CONVERSION = YES;
				CLANG_WARN_CONSTANT_CONVERSION = YES;
				CLANG_WARN_DIRECT_OBJC_ISA_USAGE = YES_ERROR;
				CLANG_WARN_EMPTY_BODY = YES;
				CLANG_WARN_ENUM_CONVERSION = YES;
				CLANG_WARN_INT_CONVERSION = YES;
				CLANG_WARN_OBJC_ROOT_CLASS = YES_ERROR;
				CLANG_WARN_UNREACHABLE_CODE = YES;
				CLANG_WARN__DUPLICATE_METHOD_MATCH = YES;
				"CODE_SIGN_IDENTITY[sdk=iphoneos*]" = "iPhone Developer";
				COPY_PHASE_STRIP = YES;
				ENABLE_NS_ASSERTIONS = NO;
				ENABLE_STRICT_OBJC_MSGSEND = YES;
				GCC_C_LANGUAGE_STANDARD = gnu99;
				GCC_WARN_64_TO_32_BIT_CONVERSION = YES;
				GCC_WARN_ABOUT_RETURN_TYPE = YES_ERROR;
				GCC_WARN_UNDECLARED_SELECTOR = YES;
				GCC_WARN_UNINITIALIZED_AUTOS = YES_AGGRESSIVE;
				GCC_WARN_UNUSED_FUNCTION = YES;
				GCC_WARN_UNUSED_VARIABLE = YES;
				IPHONEOS_DEPLOYMENT_TARGET = 8.1;
				MTL_ENABLE_DEBUG_INFO = NO;
				SDKROOT = iphoneos;
				TARGETED_DEVICE_FAMILY = "1,2";
				VALIDATE_PRODUCT = YES;
			};
			name = Release;
		};
		350E38EC1AAA0B24002DDBA8 /* Debug */ = {
			isa = XCBuildConfiguration;
			buildSettings = {
				ASSETCATALOG_COMPILER_APPICON_NAME = AppIcon;
				CODE_SIGN_IDENTITY = "iPhone Developer";
				"CODE_SIGN_IDENTITY[sdk=iphoneos*]" = "iPhone Developer";
				FRAMEWORK_SEARCH_PATHS = (
					"$(inherited)",
					"$(PROJECT_DIR)",
					/Users/MarcusKuquert/Documents/FacebookSDK,
					/Users/marcusviniciuskuquert/Documents/FacebookSDK,
				);
				INFOPLIST_FILE = iVolunteer/Info.plist;
				LD_RUNPATH_SEARCH_PATHS = "$(inherited) @executable_path/Frameworks";
				PRODUCT_NAME = "$(TARGET_NAME)";
				PROVISIONING_PROFILE = "";
			};
			name = Debug;
		};
		350E38ED1AAA0B24002DDBA8 /* Release */ = {
			isa = XCBuildConfiguration;
			buildSettings = {
				ASSETCATALOG_COMPILER_APPICON_NAME = AppIcon;
				CODE_SIGN_IDENTITY = "iPhone Developer";
				"CODE_SIGN_IDENTITY[sdk=iphoneos*]" = "iPhone Developer";
				FRAMEWORK_SEARCH_PATHS = (
					"$(inherited)",
					"$(PROJECT_DIR)",
					/Users/MarcusKuquert/Documents/FacebookSDK,
					/Users/marcusviniciuskuquert/Documents/FacebookSDK,
				);
				INFOPLIST_FILE = iVolunteer/Info.plist;
				LD_RUNPATH_SEARCH_PATHS = "$(inherited) @executable_path/Frameworks";
				PRODUCT_NAME = "$(TARGET_NAME)";
				PROVISIONING_PROFILE = "";
			};
			name = Release;
		};
		350E38EF1AAA0B24002DDBA8 /* Debug */ = {
			isa = XCBuildConfiguration;
			buildSettings = {
				BUNDLE_LOADER = "$(TEST_HOST)";
				CODE_SIGN_IDENTITY = "iPhone Developer";
				"CODE_SIGN_IDENTITY[sdk=iphoneos*]" = "iPhone Developer";
				FRAMEWORK_SEARCH_PATHS = (
					"$(SDKROOT)/Developer/Library/Frameworks",
					"$(inherited)",
				);
				GCC_PREPROCESSOR_DEFINITIONS = (
					"DEBUG=1",
					"$(inherited)",
				);
				INFOPLIST_FILE = iVolunteerTests/Info.plist;
				LD_RUNPATH_SEARCH_PATHS = "$(inherited) @executable_path/Frameworks @loader_path/Frameworks";
				PRODUCT_NAME = "$(TARGET_NAME)";
				PROVISIONING_PROFILE = "";
				TEST_HOST = "$(BUILT_PRODUCTS_DIR)/iVolunteer.app/iVolunteer";
			};
			name = Debug;
		};
		350E38F01AAA0B24002DDBA8 /* Release */ = {
			isa = XCBuildConfiguration;
			buildSettings = {
				BUNDLE_LOADER = "$(TEST_HOST)";
				CODE_SIGN_IDENTITY = "iPhone Developer";
				"CODE_SIGN_IDENTITY[sdk=iphoneos*]" = "iPhone Developer";
				FRAMEWORK_SEARCH_PATHS = (
					"$(SDKROOT)/Developer/Library/Frameworks",
					"$(inherited)",
				);
				INFOPLIST_FILE = iVolunteerTests/Info.plist;
				LD_RUNPATH_SEARCH_PATHS = "$(inherited) @executable_path/Frameworks @loader_path/Frameworks";
				PRODUCT_NAME = "$(TARGET_NAME)";
				PROVISIONING_PROFILE = "";
				TEST_HOST = "$(BUILT_PRODUCTS_DIR)/iVolunteer.app/iVolunteer";
			};
			name = Release;
		};
/* End XCBuildConfiguration section */

/* Begin XCConfigurationList section */
		350E38C31AAA0B24002DDBA8 /* Build configuration list for PBXProject "iVolunteer" */ = {
			isa = XCConfigurationList;
			buildConfigurations = (
				350E38E91AAA0B24002DDBA8 /* Debug */,
				350E38EA1AAA0B24002DDBA8 /* Release */,
			);
			defaultConfigurationIsVisible = 0;
			defaultConfigurationName = Release;
		};
		350E38EB1AAA0B24002DDBA8 /* Build configuration list for PBXNativeTarget "iVolunteer" */ = {
			isa = XCConfigurationList;
			buildConfigurations = (
				350E38EC1AAA0B24002DDBA8 /* Debug */,
				350E38ED1AAA0B24002DDBA8 /* Release */,
			);
			defaultConfigurationIsVisible = 0;
			defaultConfigurationName = Release;
		};
		350E38EE1AAA0B24002DDBA8 /* Build configuration list for PBXNativeTarget "iVolunteerTests" */ = {
			isa = XCConfigurationList;
			buildConfigurations = (
				350E38EF1AAA0B24002DDBA8 /* Debug */,
				350E38F01AAA0B24002DDBA8 /* Release */,
			);
			defaultConfigurationIsVisible = 0;
			defaultConfigurationName = Release;
		};
/* End XCConfigurationList section */
	};
	rootObject = 350E38C01AAA0B24002DDBA8 /* Project object */;
}
